
Microsoft Visual Studio Solution File, Format Version 12.00
# Visual Studio Version 17
VisualStudioVersion = 17.11.35312.102
MinimumVisualStudioVersion = 10.0.40219.1
Project("{FAE04EC0-301F-11D3-BF4B-00C04F79EFBC}") = "RpgTextGame", "RpgTextGame.csproj", "{FBDEF2AE-41A7-473F-8D0F-9D885B04BDF2}"
EndProject
Global
	GlobalSection(SolutionConfigurationPlatforms) = preSolution
		Debug|Any CPU = Debug|Any CPU
		Release|Any CPU = Release|Any CPU
	EndGlobalSection
	GlobalSection(ProjectConfigurationPlatforms) = postSolution
		{FBDEF2AE-41A7-473F-8D0F-9D885B04BDF2}.Debug|Any CPU.ActiveCfg = Debug|Any CPU
		{FBDEF2AE-41A7-473F-8D0F-9D885B04BDF2}.Debug|Any CPU.Build.0 = Debug|Any CPU
		{FBDEF2AE-41A7-473F-8D0F-9D885B04BDF2}.Release|Any CPU.ActiveCfg = Release|Any CPU
		{FBDEF2AE-41A7-473F-8D0F-9D885B04BDF2}.Release|Any CPU.Build.0 = Release|Any CPU
	EndGlobalSection
	GlobalSection(SolutionProperties) = preSolution
		HideSolutionNode = FALSE
	EndGlobalSection
	GlobalSection(ExtensibilityGlobals) = postSolution
		SolutionGuid = {97FE7EAE-9FCD-4039-A69B-FA3353F2409E}
	EndGlobalSection
EndGlobal
